
Microsoft Visual Studio Solution File, Format Version 12.00
# Visual Studio Version 17
VisualStudioVersion = 17.7.34024.191
MinimumVisualStudioVersion = 10.0.40219.1
Project("{FAE04EC0-301F-11D3-BF4B-00C04F79EFBC}") = "1115_모듈연습", "1115_모듈연습\1115_모듈연습.csproj", "{8B7D7682-6806-4109-903D-253EBC664D48}"
EndProject
Global
	GlobalSection(SolutionConfigurationPlatforms) = preSolution
		Debug|Any CPU = Debug|Any CPU
		Release|Any CPU = Release|Any CPU
	EndGlobalSection
	GlobalSection(ProjectConfigurationPlatforms) = postSolution
		{8B7D7682-6806-4109-903D-253EBC664D48}.Debug|Any CPU.ActiveCfg = Debug|Any CPU
		{8B7D7682-6806-4109-903D-253EBC664D48}.Debug|Any CPU.Build.0 = Debug|Any CPU
		{8B7D7682-6806-4109-903D-253EBC664D48}.Release|Any CPU.ActiveCfg = Release|Any CPU
		{8B7D7682-6806-4109-903D-253EBC664D48}.Release|Any CPU.Build.0 = Release|Any CPU
	EndGlobalSection
	GlobalSection(SolutionProperties) = preSolution
		HideSolutionNode = FALSE
	EndGlobalSection
	GlobalSection(ExtensibilityGlobals) = postSolution
		SolutionGuid = {CE3E6B69-B3B7-4190-BCDE-630DCF59D1D5}
	EndGlobalSection
EndGlobal
